// !$*UTF8*$!
{
	archiveVersion = 1;
	classes = {
	};
	objectVersion = 56;
	objects = {

/* Begin PBXBuildFile section */
		8E9712B429CC425300876C0B /* __FitnessApp.swift in Sources */ = {isa = PBXBuildFile; fileRef = 8E9712B329CC425300876C0B /* __FitnessApp.swift */; };
		8E9712B629CC425300876C0B /* ContentView.swift in Sources */ = {isa = PBXBuildFile; fileRef = 8E9712B529CC425300876C0B /* ContentView.swift */; };
		8E9712B829CC425400876C0B /* Assets.xcassets in Resources */ = {isa = PBXBuildFile; fileRef = 8E9712B729CC425400876C0B /* Assets.xcassets */; };
		8E9712BB29CC425400876C0B /* Preview Assets.xcassets in Resources */ = {isa = PBXBuildFile; fileRef = 8E9712BA29CC425400876C0B /* Preview Assets.xcassets */; };
		8E9712C229CC43D300876C0B /* ButtonStyleThinOutline.swift in Sources */ = {isa = PBXBuildFile; fileRef = 8E9712C129CC43D300876C0B /* ButtonStyleThinOutline.swift */; };
		8E9712C429CC47CD00876C0B /* BaslikView.swift in Sources */ = {isa = PBXBuildFile; fileRef = 8E9712C329CC47CD00876C0B /* BaslikView.swift */; };
		8E9712C629CC481A00876C0B /* TekrarHosgeldinView.swift in Sources */ = {isa = PBXBuildFile; fileRef = 8E9712C529CC481A00876C0B /* TekrarHosgeldinView.swift */; };
		8E9712C829CC4CDF00876C0B /* MenuView.swift in Sources */ = {isa = PBXBuildFile; fileRef = 8E9712C729CC4CDF00876C0B /* MenuView.swift */; };
/* End PBXBuildFile section */

/* Begin PBXFileReference section */
		8E9712B029CC425300876C0B /* 3-Fitness.app */ = {isa = PBXFileReference; explicitFileType = wrapper.application; includeInIndex = 0; path = "3-Fitness.app"; sourceTree = BUILT_PRODUCTS_DIR; };
		8E9712B329CC425300876C0B /* __FitnessApp.swift */ = {isa = PBXFileReference; lastKnownFileType = sourcecode.swift; path = __FitnessApp.swift; sourceTree = "<group>"; };
		8E9712B529CC425300876C0B /* ContentView.swift */ = {isa = PBXFileReference; lastKnownFileType = sourcecode.swift; path = ContentView.swift; sourceTree = "<group>"; };
		8E9712B729CC425400876C0B /* Assets.xcassets */ = {isa = PBXFileReference; lastKnownFileType = folder.assetcatalog; path = Assets.xcassets; sourceTree = "<group>"; };
		8E9712BA29CC425400876C0B /* Preview Assets.xcassets */ = {isa = PBXFileReference; lastKnownFileType = folder.assetcatalog; path = "Preview Assets.xcassets"; sourceTree = "<group>"; };
		8E9712C129CC43D300876C0B /* ButtonStyleThinOutline.swift */ = {isa = PBXFileReference; lastKnownFileType = sourcecode.swift; path = ButtonStyleThinOutline.swift; sourceTree = "<group>"; };
		8E9712C329CC47CD00876C0B /* BaslikView.swift */ = {isa = PBXFileReference; lastKnownFileType = sourcecode.swift; path = BaslikView.swift; sourceTree = "<group>"; };
		8E9712C529CC481A00876C0B /* TekrarHosgeldinView.swift */ = {isa = PBXFileReference; lastKnownFileType = sourcecode.swift; path = TekrarHosgeldinView.swift; sourceTree = "<group>"; };
		8E9712C729CC4CDF00876C0B /* MenuView.swift */ = {isa = PBXFileReference; lastKnownFileType = sourcecode.swift; path = MenuView.swift; sourceTree = "<group>"; };
/* End PBXFileReference section */

/* Begin PBXFrameworksBuildPhase section */
		8E9712AD29CC425300876C0B /* Frameworks */ = {
			isa = PBXFrameworksBuildPhase;
			buildActionMask = 2147483647;
			files = (
			);
			runOnlyForDeploymentPostprocessing = 0;
		};
/* End PBXFrameworksBuildPhase section */

/* Begin PBXGroup section */
		8E9712A729CC425300876C0B = {
			isa = PBXGroup;
			children = (
				8E9712B229CC425300876C0B /* 3-Fitness */,
				8E9712B129CC425300876C0B /* Products */,
			);
			sourceTree = "<group>";
		};
		8E9712B129CC425300876C0B /* Products */ = {
			isa = PBXGroup;
			children = (
				8E9712B029CC425300876C0B /* 3-Fitness.app */,
			);
			name = Products;
			sourceTree = "<group>";
		};
		8E9712B229CC425300876C0B /* 3-Fitness */ = {
			isa = PBXGroup;
			children = (
				8E9712B329CC425300876C0B /* __FitnessApp.swift */,
				8E9712B529CC425300876C0B /* ContentView.swift */,
				8E9712B729CC425400876C0B /* Assets.xcassets */,
				8E9712B929CC425400876C0B /* Preview Content */,
				8E9712C129CC43D300876C0B /* ButtonStyleThinOutline.swift */,
				8E9712C329CC47CD00876C0B /* BaslikView.swift */,
				8E9712C529CC481A00876C0B /* TekrarHosgeldinView.swift */,
				8E9712C729CC4CDF00876C0B /* MenuView.swift */,
			);
			path = "3-Fitness";
			sourceTree = "<group>";
		};
		8E9712B929CC425400876C0B /* Preview Content */ = {
			isa = PBXGroup;
			children = (
				8E9712BA29CC425400876C0B /* Preview Assets.xcassets */,
			);
			path = "Preview Content";
			sourceTree = "<group>";
		};
/* End PBXGroup section */

/* Begin PBXNativeTarget section */
		8E9712AF29CC425300876C0B /* 3-Fitness */ = {
			isa = PBXNativeTarget;
			buildConfigurationList = 8E9712BE29CC425400876C0B /* Build configuration list for PBXNativeTarget "3-Fitness" */;
			buildPhases = (
				8E9712AC29CC425300876C0B /* Sources */,
				8E9712AD29CC425300876C0B /* Frameworks */,
				8E9712AE29CC425300876C0B /* Resources */,
			);
			buildRules = (
			);
			dependencies = (
			);
			name = "3-Fitness";
			productName = "3-Fitness";
			productReference = 8E9712B029CC425300876C0B /* 3-Fitness.app */;
			productType = "com.apple.product-type.application";
		};
/* End PBXNativeTarget section */

/* Begin PBXProject section */
		8E9712A829CC425300876C0B /* Project object */ = {
			isa = PBXProject;
			attributes = {
				BuildIndependentTargetsInParallel = 1;
				LastSwiftUpdateCheck = 1420;
				LastUpgradeCheck = 1420;
				TargetAttributes = {
					8E9712AF29CC425300876C0B = {
						CreatedOnToolsVersion = 14.2;
					};
				};
			};
			buildConfigurationList = 8E9712AB29CC425300876C0B /* Build configuration list for PBXProject "3-Fitness" */;
			compatibilityVersion = "Xcode 14.0";
			developmentRegion = en;
			hasScannedForEncodings = 0;
			knownRegions = (
				en,
				Base,
			);
			mainGroup = 8E9712A729CC425300876C0B;
			productRefGroup = 8E9712B129CC425300876C0B /* Products */;
			projectDirPath = "";
			projectRoot = "";
			targets = (
				8E9712AF29CC425300876C0B /* 3-Fitness */,
			);
		};
/* End PBXProject section */

/* Begin PBXResourcesBuildPhase section */
		8E9712AE29CC425300876C0B /* Resources */ = {
			isa = PBXResourcesBuildPhase;
			buildActionMask = 2147483647;
			files = (
				8E9712BB29CC425400876C0B /* Preview Assets.xcassets in Resources */,
				8E9712B829CC425400876C0B /* Assets.xcassets in Resources */,
			);
			runOnlyForDeploymentPostprocessing = 0;
		};
/* End PBXResourcesBuildPhase section */

/* Begin PBXSourcesBuildPhase section */
		8E9712AC29CC425300876C0B /* Sources */ = {
			isa = PBXSourcesBuildPhase;
			buildActionMask = 2147483647;
			files = (
				8E9712C429CC47CD00876C0B /* BaslikView.swift in Sources */,
				8E9712C829CC4CDF00876C0B /* MenuView.swift in Sources */,
				8E9712B629CC425300876C0B /* ContentView.swift in Sources */,
				8E9712C629CC481A00876C0B /* TekrarHosgeldinView.swift in Sources */,
				8E9712C229CC43D300876C0B /* ButtonStyleThinOutline.swift in Sources */,
				8E9712B429CC425300876C0B /* __FitnessApp.swift in Sources */,
			);
			runOnlyForDeploymentPostprocessing = 0;
		};
/* End PBXSourcesBuildPhase section */

/* Begin XCBuildConfiguration section */
		8E9712BC29CC425400876C0B /* Debug */ = {
			isa = XCBuildConfiguration;
			buildSettings = {
				ALWAYS_SEARCH_USER_PATHS = NO;
				CLANG_ANALYZER_NONNULL = YES;
				CLANG_ANALYZER_NUMBER_OBJECT_CONVERSION = YES_AGGRESSIVE;
				CLANG_CXX_LANGUAGE_STANDARD = "gnu++20";
				CLANG_ENABLE_MODULES = YES;
				CLANG_ENABLE_OBJC_ARC = YES;
				CLANG_ENABLE_OBJC_WEAK = YES;
				CLANG_WARN_BLOCK_CAPTURE_AUTORELEASING = YES;
				CLANG_WARN_BOOL_CONVERSION = YES;
				CLANG_WARN_COMMA = YES;
				CLANG_WARN_CONSTANT_CONVERSION = YES;
				CLANG_WARN_DEPRECATED_OBJC_IMPLEMENTATIONS = YES;
				CLANG_WARN_DIRECT_OBJC_ISA_USAGE = YES_ERROR;
				CLANG_WARN_DOCUMENTATION_COMMENTS = YES;
				CLANG_WARN_EMPTY_BODY = YES;
				CLANG_WARN_ENUM_CONVERSION = YES;
				CLANG_WARN_INFINITE_RECURSION = YES;
				CLANG_WARN_INT_CONVERSION = YES;
				CLANG_WARN_NON_LITERAL_NULL_CONVERSION = YES;
				CLANG_WARN_OBJC_IMPLICIT_RETAIN_SELF = YES;
				CLANG_WARN_OBJC_LITERAL_CONVERSION = YES;
				CLANG_WARN_OBJC_ROOT_CLASS = YES_ERROR;
				CLANG_WARN_QUOTED_INCLUDE_IN_FRAMEWORK_HEADER = YES;
				CLANG_WARN_RANGE_LOOP_ANALYSIS = YES;
				CLANG_WARN_STRICT_PROTOTYPES = YES;
				CLANG_WARN_SUSPICIOUS_MOVE = YES;
				CLANG_WARN_UNGUARDED_AVAILABILITY = YES_AGGRESSIVE;
				CLANG_WARN_UNREACHABLE_CODE = YES;
				CLANG_WARN__DUPLICATE_METHOD_MATCH = YES;
				COPY_PHASE_STRIP = NO;
				DEBUG_INFORMATION_FORMAT = dwarf;
				ENABLE_STRICT_OBJC_MSGSEND = YES;
				ENABLE_TESTABILITY = YES;
				GCC_C_LANGUAGE_STANDARD = gnu11;
				GCC_DYNAMIC_NO_PIC = NO;
				GCC_NO_COMMON_BLOCKS = YES;
				GCC_OPTIMIZATION_LEVEL = 0;
				GCC_PREPROCESSOR_DEFINITIONS = (
					"DEBUG=1",
					"$(inherited)",
				);
				GCC_WARN_64_TO_32_BIT_CONVERSION = YES;
				GCC_WARN_ABOUT_RETURN_TYPE = YES_ERROR;
				GCC_WARN_UNDECLARED_SELECTOR = YES;
				GCC_WARN_UNINITIALIZED_AUTOS = YES_AGGRESSIVE;
				GCC_WARN_UNUSED_FUNCTION = YES;
				GCC_WARN_UNUSED_VARIABLE = YES;
				IPHONEOS_DEPLOYMENT_TARGET = 16.2;
				MTL_ENABLE_DEBUG_INFO = INCLUDE_SOURCE;
				MTL_FAST_MATH = YES;
				ONLY_ACTIVE_ARCH = YES;
				SDKROOT = iphoneos;
				SWIFT_ACTIVE_COMPILATION_CONDITIONS = DEBUG;
				SWIFT_OPTIMIZATION_LEVEL = "-Onone";
			};
			name = Debug;
		};
		8E9712BD29CC425400876C0B /* Release */ = {
			isa = XCBuildConfiguration;
			buildSettings = {
				ALWAYS_SEARCH_USER_PATHS = NO;
				CLANG_ANALYZER_NONNULL = YES;
				CLANG_ANALYZER_NUMBER_OBJECT_CONVERSION = YES_AGGRESSIVE;
				CLANG_CXX_LANGUAGE_STANDARD = "gnu++20";
				CLANG_ENABLE_MODULES = YES;
				CLANG_ENABLE_OBJC_ARC = YES;
				CLANG_ENABLE_OBJC_WEAK = YES;
				CLANG_WARN_BLOCK_CAPTURE_AUTORELEASING = YES;
				CLANG_WARN_BOOL_CONVERSION = YES;
				CLANG_WARN_COMMA = YES;
				CLANG_WARN_CONSTANT_CONVERSION = YES;
				CLANG_WARN_DEPRECATED_OBJC_IMPLEMENTATIONS = YES;
				CLANG_WARN_DIRECT_OBJC_ISA_USAGE = YES_ERROR;
				CLANG_WARN_DOCUMENTATION_COMMENTS = YES;
				CLANG_WARN_EMPTY_BODY = YES;
				CLANG_WARN_ENUM_CONVERSION = YES;
				CLANG_WARN_INFINITE_RECURSION = YES;
				CLANG_WARN_INT_CONVERSION = YES;
				CLANG_WARN_NON_LITERAL_NULL_CONVERSION = YES;
				CLANG_WARN_OBJC_IMPLICIT_RETAIN_SELF = YES;
				CLANG_WARN_OBJC_LITERAL_CONVERSION = YES;
				CLANG_WARN_OBJC_ROOT_CLASS = YES_ERROR;
				CLANG_WARN_QUOTED_INCLUDE_IN_FRAMEWORK_HEADER = YES;
				CLANG_WARN_RANGE_LOOP_ANALYSIS = YES;
				CLANG_WARN_STRICT_PROTOTYPES = YES;
				CLANG_WARN_SUSPICIOUS_MOVE = YES;
				CLANG_WARN_UNGUARDED_AVAILABILITY = YES_AGGRESSIVE;
				CLANG_WARN_UNREACHABLE_CODE = YES;
				CLANG_WARN__DUPLICATE_METHOD_MATCH = YES;
				COPY_PHASE_STRIP = NO;
				DEBUG_INFORMATION_FORMAT = "dwarf-with-dsym";
				ENABLE_NS_ASSERTIONS = NO;
				ENABLE_STRICT_OBJC_MSGSEND = YES;
				GCC_C_LANGUAGE_STANDARD = gnu11;
				GCC_NO_COMMON_BLOCKS = YES;
				GCC_WARN_64_TO_32_BIT_CONVERSION = YES;
				GCC_WARN_ABOUT_RETURN_TYPE = YES_ERROR;
				GCC_WARN_UNDECLARED_SELECTOR = YES;
				GCC_WARN_UNINITIALIZED_AUTOS = YES_AGGRESSIVE;
				GCC_WARN_UNUSED_FUNCTION = YES;
				GCC_WARN_UNUSED_VARIABLE = YES;
				IPHONEOS_DEPLOYMENT_TARGET = 16.2;
				MTL_ENABLE_DEBUG_INFO = NO;
				MTL_FAST_MATH = YES;
				SDKROOT = iphoneos;
				SWIFT_COMPILATION_MODE = wholemodule;
				SWIFT_OPTIMIZATION_LEVEL = "-O";
				VALIDATE_PRODUCT = YES;
			};
			name = Release;
		};
		8E9712BF29CC425400876C0B /* Debug */ = {
			isa = XCBuildConfiguration;
			buildSettings = {
				ASSETCATALOG_COMPILER_APPICON_NAME = AppIcon;
				ASSETCATALOG_COMPILER_GLOBAL_ACCENT_COLOR_NAME = AccentColor;
				CODE_SIGN_STYLE = Automatic;
				CURRENT_PROJECT_VERSION = 1;
				DEVELOPMENT_ASSET_PATHS = "\"3-Fitness/Preview Content\"";
				ENABLE_PREVIEWS = YES;
				GENERATE_INFOPLIST_FILE = YES;
				INFOPLIST_KEY_UIApplicationSceneManifest_Generation = YES;
				INFOPLIST_KEY_UIApplicationSupportsIndirectInputEvents = YES;
				INFOPLIST_KEY_UILaunchScreen_Generation = YES;
				INFOPLIST_KEY_UISupportedInterfaceOrientations_iPad = "UIInterfaceOrientationPortrait UIInterfaceOrientationPortraitUpsideDown UIInterfaceOrientationLandscapeLeft UIInterfaceOrientationLandscapeRight";
				INFOPLIST_KEY_UISupportedInterfaceOrientations_iPhone = "UIInterfaceOrientationPortrait UIInterfaceOrientationLandscapeLeft UIInterfaceOrientationLandscapeRight";
				LD_RUNPATH_SEARCH_PATHS = (
					"$(inherited)",
					"@executable_path/Frameworks",
				);
				MARKETING_VERSION = 1.0;
				PRODUCT_BUNDLE_IDENTIFIER = "info.--Fitness";
				PRODUCT_NAME = "$(TARGET_NAME)";
				SWIFT_EMIT_LOC_STRINGS = YES;
				SWIFT_VERSION = 5.0;
				TARGETED_DEVICE_FAMILY = "1,2";
			};
			name = Debug;
		};
		8E9712C029CC425400876C0B /* Release */ = {
			isa = XCBuildConfiguration;
			buildSettings = {
				ASSETCATALOG_COMPILER_APPICON_NAME = AppIcon;
				ASSETCATALOG_COMPILER_GLOBAL_ACCENT_COLOR_NAME = AccentColor;
				CODE_SIGN_STYLE = Automatic;
				CURRENT_PROJECT_VERSION = 1;
				DEVELOPMENT_ASSET_PATHS = "\"3-Fitness/Preview Content\"";
				ENABLE_PREVIEWS = YES;
				GENERATE_INFOPLIST_FILE = YES;
				INFOPLIST_KEY_UIApplicationSceneManifest_Generation = YES;
				INFOPLIST_KEY_UIApplicationSupportsIndirectInputEvents = YES;
				INFOPLIST_KEY_UILaunchScreen_Generation = YES;
				INFOPLIST_KEY_UISupportedInterfaceOrientations_iPad = "UIInterfaceOrientationPortrait UIInterfaceOrientationPortraitUpsideDown UIInterfaceOrientationLandscapeLeft UIInterfaceOrientationLandscapeRight";
				INFOPLIST_KEY_UISupportedInterfaceOrientations_iPhone = "UIInterfaceOrientationPortrait UIInterfaceOrientationLandscapeLeft UIInterfaceOrientationLandscapeRight";
				LD_RUNPATH_SEARCH_PATHS = (
					"$(inherited)",
					"@executable_path/Frameworks",
				);
				MARKETING_VERSION = 1.0;
				PRODUCT_BUNDLE_IDENTIFIER = "info.--Fitness";
				PRODUCT_NAME = "$(TARGET_NAME)";
				SWIFT_EMIT_LOC_STRINGS = YES;
				SWIFT_VERSION = 5.0;
				TARGETED_DEVICE_FAMILY = "1,2";
			};
			name = Release;
		};
/* End XCBuildConfiguration section */

/* Begin XCConfigurationList section */
		8E9712AB29CC425300876C0B /* Build configuration list for PBXProject "3-Fitness" */ = {
			isa = XCConfigurationList;
			buildConfigurations = (
				8E9712BC29CC425400876C0B /* Debug */,
				8E9712BD29CC425400876C0B /* Release */,
			);
			defaultConfigurationIsVisible = 0;
			defaultConfigurationName = Release;
		};
		8E9712BE29CC425400876C0B /* Build configuration list for PBXNativeTarget "3-Fitness" */ = {
			isa = XCConfigurationList;
			buildConfigurations = (
				8E9712BF29CC425400876C0B /* Debug */,
				8E9712C029CC425400876C0B /* Release */,
			);
			defaultConfigurationIsVisible = 0;
			defaultConfigurationName = Release;
		};
/* End XCConfigurationList section */
	};
	rootObject = 8E9712A829CC425300876C0B /* Project object */;
}
